
Microsoft Visual Studio Solution File, Format Version 12.00
# Visual Studio Version 17
VisualStudioVersion = 17.0.32112.339
MinimumVisualStudioVersion = 10.0.40219.1
Project("{FAE04EC0-301F-11D3-BF4B-00C04F79EFBC}") = "Atividade imobiliaria", "Atividades\Atividade imobiliaria.csproj", "{6F56A473-F0E7-4010-95A8-6D0B0DB241BD}"
EndProject
Project("{FAE04EC0-301F-11D3-BF4B-00C04F79EFBC}") = "Atividade Padaria", "Atividade Padaria\Atividade Padaria.csproj", "{1D20B451-D7C0-4A79-98C9-64742B52B0D6}"
EndProject
Project("{FAE04EC0-301F-11D3-BF4B-00C04F79EFBC}") = "Atividade Leitor de dados", "Atividade Leitor\Atividade Leitor de dados.csproj", "{06067CB5-93B5-4BE1-8334-1C4ECDAB3FFD}"
EndProject
Project("{FAE04EC0-301F-11D3-BF4B-00C04F79EFBC}") = "Converter temperatura", "Converter temperatura\Converter temperatura.csproj", "{B2D9EE80-98B3-4CC1-B82F-BB737B789B7A}"
EndProject
Project("{FAE04EC0-301F-11D3-BF4B-00C04F79EFBC}") = "Leitor de salario", "Leitor de salario\Leitor de salario.csproj", "{D1A64105-0DE3-4251-85BA-DD7E3240F96C}"
EndProject
Global
	GlobalSection(SolutionConfigurationPlatforms) = preSolution
		Debug|Any CPU = Debug|Any CPU
		Release|Any CPU = Release|Any CPU
	EndGlobalSection
	GlobalSection(ProjectConfigurationPlatforms) = postSolution
		{6F56A473-F0E7-4010-95A8-6D0B0DB241BD}.Debug|Any CPU.ActiveCfg = Debug|Any CPU
		{6F56A473-F0E7-4010-95A8-6D0B0DB241BD}.Debug|Any CPU.Build.0 = Debug|Any CPU
		{6F56A473-F0E7-4010-95A8-6D0B0DB241BD}.Release|Any CPU.ActiveCfg = Release|Any CPU
		{6F56A473-F0E7-4010-95A8-6D0B0DB241BD}.Release|Any CPU.Build.0 = Release|Any CPU
		{1D20B451-D7C0-4A79-98C9-64742B52B0D6}.Debug|Any CPU.ActiveCfg = Debug|Any CPU
		{1D20B451-D7C0-4A79-98C9-64742B52B0D6}.Debug|Any CPU.Build.0 = Debug|Any CPU
		{1D20B451-D7C0-4A79-98C9-64742B52B0D6}.Release|Any CPU.ActiveCfg = Release|Any CPU
		{1D20B451-D7C0-4A79-98C9-64742B52B0D6}.Release|Any CPU.Build.0 = Release|Any CPU
		{06067CB5-93B5-4BE1-8334-1C4ECDAB3FFD}.Debug|Any CPU.ActiveCfg = Debug|Any CPU
		{06067CB5-93B5-4BE1-8334-1C4ECDAB3FFD}.Debug|Any CPU.Build.0 = Debug|Any CPU
		{06067CB5-93B5-4BE1-8334-1C4ECDAB3FFD}.Release|Any CPU.ActiveCfg = Release|Any CPU
		{06067CB5-93B5-4BE1-8334-1C4ECDAB3FFD}.Release|Any CPU.Build.0 = Release|Any CPU
		{B2D9EE80-98B3-4CC1-B82F-BB737B789B7A}.Debug|Any CPU.ActiveCfg = Debug|Any CPU
		{B2D9EE80-98B3-4CC1-B82F-BB737B789B7A}.Debug|Any CPU.Build.0 = Debug|Any CPU
		{B2D9EE80-98B3-4CC1-B82F-BB737B789B7A}.Release|Any CPU.ActiveCfg = Release|Any CPU
		{B2D9EE80-98B3-4CC1-B82F-BB737B789B7A}.Release|Any CPU.Build.0 = Release|Any CPU
		{D1A64105-0DE3-4251-85BA-DD7E3240F96C}.Debug|Any CPU.ActiveCfg = Debug|Any CPU
		{D1A64105-0DE3-4251-85BA-DD7E3240F96C}.Debug|Any CPU.Build.0 = Debug|Any CPU
		{D1A64105-0DE3-4251-85BA-DD7E3240F96C}.Release|Any CPU.ActiveCfg = Release|Any CPU
		{D1A64105-0DE3-4251-85BA-DD7E3240F96C}.Release|Any CPU.Build.0 = Release|Any CPU
	EndGlobalSection
	GlobalSection(SolutionProperties) = preSolution
		HideSolutionNode = FALSE
	EndGlobalSection
	GlobalSection(ExtensibilityGlobals) = postSolution
		SolutionGuid = {50D00CDA-6A9C-4172-B460-F2DA51816A9D}
	EndGlobalSection
EndGlobal
